{
    "name": "ns-limp",
    "version": "6.1.1-dev",
    "lockfileVersion": 1,
    "requires": true,
    "dependencies": {
        "@angular/core": {
            "version": "8.2.13",
            "resolved": "https://registry.npmjs.org/@angular/core/-/core-8.2.13.tgz",
            "integrity": "sha512-W8HN0lUQV4Sq85l17nhRIXeIfcw1ZdpgGm6to98pl0y9l/1srfzWfTnofuwCJC7gedt5AMrYJGUaNiDbByosFw==",
            "dev": true,
            "requires": {
                "tslib": "^1.9.0"
            }
        },
        "@babel/code-frame": {
            "version": "7.0.0",
            "resolved": "https://registry.npmjs.org/@babel/code-frame/-/code-frame-7.0.0.tgz",
            "integrity": "sha512-OfC2uemaknXr87bdLUkWog7nYuliM9Ij5HUcajsVcMCpQrcLmtxRbVFTIqmcSkSeYRBFBRxs2FiUqFJDLdiebA==",
            "dev": true,
            "requires": {
                "@babel/highlight": "^7.0.0"
            }
        },
        "@babel/highlight": {
            "version": "7.0.0",
            "resolved": "https://registry.npmjs.org/@babel/highlight/-/highlight-7.0.0.tgz",
            "integrity": "sha512-UFMC4ZeFC48Tpvj7C8UgLvtkaUuovQX+5xNWrsIoMG8o2z+XFKjKaN9iVmS84dPwVN00W4wPmqvYoZF3EGAsfw==",
            "dev": true,
            "requires": {
                "chalk": "^2.0.0",
                "esutils": "^2.0.2",
                "js-tokens": "^4.0.0"
            }
        },
        "@nativescript/core": {
            "version": "6.2.0",
            "resolved": "https://registry.npmjs.org/@nativescript/core/-/core-6.2.0.tgz",
            "integrity": "sha512-sStXeAhLhCc2kgU5NjquL5VEIKIMrlUZeFvhXfl91aYwBX5h40fVtb9WYS6MIHDYwBntR0V8ciJdCgQ2318zjg==",
            "dev": true,
            "requires": {
                "nativescript-hook": "0.2.5",
                "reduce-css-calc": "^2.1.6",
                "semver": "6.3.0",
                "tns-core-modules-widgets": "6.2.0",
                "tslib": "1.10.0"
            },
            "dependencies": {
                "semver": {
                    "version": "6.3.0",
                    "resolved": "https://registry.npmjs.org/semver/-/semver-6.3.0.tgz",
                    "integrity": "sha512-b39TBaTSfV6yBrapU89p5fKekE2m/NwnDocOVruQFS1/veMgdzuPcnOM34M6CwxW8jH/lxEa5rBoDeUwu5HHTw==",
                    "dev": true
                }
            }
        },
        "@types/node": {
            "version": "12.0.8",
            "resolved": "https://registry.npmjs.org/@types/node/-/node-12.0.8.tgz",
            "integrity": "sha512-b8bbUOTwzIY3V5vDTY1fIJ+ePKDUBqt2hC2woVGotdQQhG/2Sh62HOKHrT7ab+VerXAcPyAiTEipPu/FsreUtg==",
            "dev": true
        },
        "ansi-styles": {
            "version": "3.2.1",
            "resolved": "https://registry.npmjs.org/ansi-styles/-/ansi-styles-3.2.1.tgz",
            "integrity": "sha1-QfuyAkPlCxK+DwS43tvwdSDOhB0=",
            "dev": true,
            "requires": {
                "color-convert": "^1.9.0"
            }
        },
        "argparse": {
            "version": "1.0.10",
            "resolved": "https://registry.npmjs.org/argparse/-/argparse-1.0.10.tgz",
            "integrity": "sha1-vNZ5HqWuCXJeF+WtmIE0zUCz2RE=",
            "dev": true,
            "requires": {
                "sprintf-js": "~1.0.2"
            }
        },
        "async": {
            "version": "0.9.2",
            "resolved": "https://registry.npmjs.org/async/-/async-0.9.2.tgz",
            "integrity": "sha1-rqdNXmHB+JlhO/ZL2mbUx48v0X0=",
            "dev": true
        },
        "balanced-match": {
            "version": "1.0.0",
            "resolved": "https://registry.npmjs.org/balanced-match/-/balanced-match-1.0.0.tgz",
            "integrity": "sha1-ibTRmasr7kneFk6gK4nORi1xt2c=",
            "dev": true
        },
        "brace-expansion": {
            "version": "1.1.11",
            "resolved": "https://registry.npmjs.org/brace-expansion/-/brace-expansion-1.1.11.tgz",
            "integrity": "sha1-PH/L9SnYcibz0vUrlm/1Jx60Qd0=",
            "dev": true,
            "requires": {
                "balanced-match": "^1.0.0",
                "concat-map": "0.0.1"
            }
        },
        "builtin-modules": {
            "version": "1.1.1",
            "resolved": "https://registry.npmjs.org/builtin-modules/-/builtin-modules-1.1.1.tgz",
            "integrity": "sha1-Jw8HbFpywC9bZaR9+Uxf46J4iS8=",
            "dev": true
        },
        "chalk": {
            "version": "2.4.2",
            "resolved": "https://registry.npmjs.org/chalk/-/chalk-2.4.2.tgz",
            "integrity": "sha1-zUJUFnelQzPPVBpJEIwUMrRMlCQ=",
            "dev": true,
            "requires": {
                "ansi-styles": "^3.2.1",
                "escape-string-regexp": "^1.0.5",
                "supports-color": "^5.3.0"
            }
        },
        "color-convert": {
            "version": "1.9.3",
            "resolved": "https://registry.npmjs.org/color-convert/-/color-convert-1.9.3.tgz",
            "integrity": "sha1-u3GFBpDh8TZWfeYp0tVHHe2kweg=",
            "dev": true,
            "requires": {
                "color-name": "1.1.3"
            }
        },
        "color-name": {
            "version": "1.1.3",
            "resolved": "https://registry.npmjs.org/color-name/-/color-name-1.1.3.tgz",
            "integrity": "sha1-p9BVi9icQveV3UIyj3QIMcpTvCU=",
            "dev": true
        },
        "colors": {
            "version": "1.3.3",
            "resolved": "https://registry.npmjs.org/colors/-/colors-1.3.3.tgz",
            "integrity": "sha1-OeAF1Uav4B4B+cTKj6UPaGoBIF0=",
            "dev": true
        },
        "commander": {
            "version": "2.20.0",
            "resolved": "https://registry.npmjs.org/commander/-/commander-2.20.0.tgz",
            "integrity": "sha1-1YuytcHuj4ew00ACfp6U4iLFpCI=",
            "dev": true
        },
        "concat-map": {
            "version": "0.0.1",
            "resolved": "https://registry.npmjs.org/concat-map/-/concat-map-0.0.1.tgz",
            "integrity": "sha1-2Klr13/Wjfd5OnMDajug1UBdR3s=",
            "dev": true
        },
        "css-unit-converter": {
            "version": "1.1.1",
            "resolved": "https://registry.npmjs.org/css-unit-converter/-/css-unit-converter-1.1.1.tgz",
            "integrity": "sha1-2bkoGtz9jO2TW9urqDeGiX9k6ZY=",
            "dev": true
        },
        "cycle": {
            "version": "1.0.3",
            "resolved": "https://registry.npmjs.org/cycle/-/cycle-1.0.3.tgz",
            "integrity": "sha1-IegLK+hYD5i0aPN5QwZisEbDStI=",
            "dev": true
        },
        "deep-equal": {
            "version": "0.2.2",
            "resolved": "https://registry.npmjs.org/deep-equal/-/deep-equal-0.2.2.tgz",
            "integrity": "sha1-hLdFiW80xoTpjyzg5Cq69Du6AX0=",
            "dev": true
        },
        "diff": {
            "version": "3.5.0",
            "resolved": "https://registry.npmjs.org/diff/-/diff-3.5.0.tgz",
            "integrity": "sha1-gAwN0eCov7yVg1wgKtIg/jF+WhI=",
            "dev": true
        },
        "escape-string-regexp": {
            "version": "1.0.5",
            "resolved": "https://registry.npmjs.org/escape-string-regexp/-/escape-string-regexp-1.0.5.tgz",
            "integrity": "sha1-G2HAViGQqN/2rjuyzwIAyhMLhtQ=",
            "dev": true
        },
        "esprima": {
            "version": "4.0.1",
            "resolved": "https://registry.npmjs.org/esprima/-/esprima-4.0.1.tgz",
            "integrity": "sha1-E7BM2z5sXRnfkatph6hpVhmwqnE=",
            "dev": true
        },
        "esutils": {
            "version": "2.0.2",
            "resolved": "https://registry.npmjs.org/esutils/-/esutils-2.0.2.tgz",
            "integrity": "sha1-Cr9PHKpbyx96nYrMbepPqqBLrJs=",
            "dev": true
        },
        "eyes": {
            "version": "0.1.8",
            "resolved": "https://registry.npmjs.org/eyes/-/eyes-0.1.8.tgz",
            "integrity": "sha1-Ys8SAjTGg3hdkCNIqADvPgzCC8A=",
            "dev": true
        },
        "fs.realpath": {
            "version": "1.0.0",
            "resolved": "https://registry.npmjs.org/fs.realpath/-/fs.realpath-1.0.0.tgz",
            "integrity": "sha1-FQStJSMVjKpA20onh8sBQRmU6k8=",
            "dev": true
        },
        "glob": {
            "version": "7.1.4",
            "resolved": "https://registry.npmjs.org/glob/-/glob-7.1.4.tgz",
            "integrity": "sha1-qmCKL2xXetNX4a5aXCbZqNGWklU=",
            "dev": true,
            "requires": {
                "fs.realpath": "^1.0.0",
                "inflight": "^1.0.4",
                "inherits": "2",
                "minimatch": "^3.0.4",
                "once": "^1.3.0",
                "path-is-absolute": "^1.0.0"
            }
        },
        "has-flag": {
            "version": "3.0.0",
            "resolved": "https://registry.npmjs.org/has-flag/-/has-flag-3.0.0.tgz",
            "integrity": "sha1-tdRU3CGZriJWmfNGfloH87lVuv0=",
            "dev": true
        },
        "i": {
            "version": "0.3.6",
            "resolved": "https://registry.npmjs.org/i/-/i-0.3.6.tgz",
            "integrity": "sha1-2WyScyB28HJxG2sQ/X1PZa2O4j0=",
            "dev": true
        },
        "inflight": {
            "version": "1.0.6",
            "resolved": "https://registry.npmjs.org/inflight/-/inflight-1.0.6.tgz",
            "integrity": "sha1-Sb1jMdfQLQwJvJEKEHW6gWW1bfk=",
            "dev": true,
            "requires": {
                "once": "^1.3.0",
                "wrappy": "1"
            }
        },
        "inherits": {
            "version": "2.0.3",
            "resolved": "https://registry.npmjs.org/inherits/-/inherits-2.0.3.tgz",
            "integrity": "sha1-Yzwsg+PaQqUC9SRmAiSA9CCCYd4=",
            "dev": true
        },
        "isstream": {
            "version": "0.1.2",
            "resolved": "https://registry.npmjs.org/isstream/-/isstream-0.1.2.tgz",
            "integrity": "sha1-R+Y/evVa+m+S4VAOaQ64uFKcCZo=",
            "dev": true
        },
        "js-tokens": {
            "version": "4.0.0",
            "resolved": "https://registry.npmjs.org/js-tokens/-/js-tokens-4.0.0.tgz",
            "integrity": "sha1-GSA/tZmR35jjoocFDUZHzerzJJk=",
            "dev": true
        },
        "js-yaml": {
            "version": "3.13.1",
            "resolved": "https://registry.npmjs.org/js-yaml/-/js-yaml-3.13.1.tgz",
            "integrity": "sha1-r/FRswv9+o5J4F2iLnQV6d+jeEc=",
            "dev": true,
            "requires": {
                "argparse": "^1.0.7",
                "esprima": "^4.0.0"
            }
        },
        "jsrsasign": {
            "version": "8.0.12",
            "resolved": "https://registry.npmjs.org/jsrsasign/-/jsrsasign-8.0.12.tgz",
            "integrity": "sha1-Iqu5ZW00owuVMENnIINeicLlwxY="
        },
        "minimatch": {
            "version": "3.0.4",
            "resolved": "https://registry.npmjs.org/minimatch/-/minimatch-3.0.4.tgz",
            "integrity": "sha1-UWbihkV/AzBgZL5Ul+jbsMPTIIM=",
            "dev": true,
            "requires": {
                "brace-expansion": "^1.1.7"
            }
        },
        "minimist": {
            "version": "0.0.8",
            "resolved": "https://registry.npmjs.org/minimist/-/minimist-0.0.8.tgz",
            "integrity": "sha1-hX/Kv8M5fSYluCKCYuhqp6ARsF0=",
            "dev": true
        },
        "mkdirp": {
            "version": "0.5.1",
            "resolved": "https://registry.npmjs.org/mkdirp/-/mkdirp-0.5.1.tgz",
            "integrity": "sha1-MAV0OOrGz3+MR2fzhkjWaX11yQM=",
            "dev": true,
            "requires": {
                "minimist": "0.0.8"
            }
        },
        "mute-stream": {
            "version": "0.0.8",
            "resolved": "https://registry.npmjs.org/mute-stream/-/mute-stream-0.0.8.tgz",
            "integrity": "sha1-FjDEKyJR/4HiooPelqVJfqkuXg0=",
            "dev": true
        },
        "nativescript-background-http": {
            "version": "4.2.1",
            "resolved": "https://registry.npmjs.org/nativescript-background-http/-/nativescript-background-http-4.2.1.tgz",
            "integrity": "sha512-+ldD7eVgGfbYeqzaMmSYQpf90nauCPc+ZSvRLS/Qq8Pxd6bDBQL0/Gysxr1NgEifxt3og3cYMSd1P76Hn6hYFA=="
        },
        "nativescript-hook": {
            "version": "0.2.5",
            "resolved": "https://registry.npmjs.org/nativescript-hook/-/nativescript-hook-0.2.5.tgz",
            "integrity": "sha512-ciGJtNbtMB2lGv8jAkUripkRjd3g8atX9VYPSt6e8PI6YPiOKeoma3xjcXoW66pFMYpHnfrbp6Mq9U/QtiQrVg==",
            "dev": true,
            "requires": {
                "glob": "^6.0.1",
                "mkdirp": "^0.5.1"
            },
            "dependencies": {
                "glob": {
                    "version": "6.0.4",
                    "resolved": "https://registry.npmjs.org/glob/-/glob-6.0.4.tgz",
                    "integrity": "sha1-DwiGD2oVUSey+t1PnOJLGqtuTSI=",
                    "dev": true,
                    "requires": {
                        "inflight": "^1.0.4",
                        "inherits": "2",
                        "minimatch": "2 || 3",
                        "once": "^1.3.0",
                        "path-is-absolute": "^1.0.0"
                    }
                }
            }
        },
        "nativescript-websockets": {
            "version": "1.5.5",
            "resolved": "https://registry.npmjs.org/nativescript-websockets/-/nativescript-websockets-1.5.5.tgz",
            "integrity": "sha512-xTuFwjMQKK9vW3D0ONOZKqAziqKbNLgrkhUMgJ+bxMRA2mv0H3sErTb9dMjxxnJ56m5L1K3I2F6QDr1DqEWdFQ=="
        },
        "ncp": {
            "version": "1.0.1",
            "resolved": "https://registry.npmjs.org/ncp/-/ncp-1.0.1.tgz",
            "integrity": "sha1-0VNn5cuHQyuhF9K/gP30Wuz7QkY=",
            "dev": true
        },
        "once": {
            "version": "1.4.0",
            "resolved": "https://registry.npmjs.org/once/-/once-1.4.0.tgz",
            "integrity": "sha1-WDsap3WWHUsROsF9nFC6753Xa9E=",
            "dev": true,
            "requires": {
                "wrappy": "1"
            }
        },
        "path-is-absolute": {
            "version": "1.0.1",
            "resolved": "https://registry.npmjs.org/path-is-absolute/-/path-is-absolute-1.0.1.tgz",
            "integrity": "sha1-F0uSaHNVNP+8es5r9TpanhtcX18=",
            "dev": true
        },
        "path-parse": {
            "version": "1.0.6",
            "resolved": "https://registry.npmjs.org/path-parse/-/path-parse-1.0.6.tgz",
            "integrity": "sha1-1i27VnlAXXLEc37FhgDp3c8G0kw=",
            "dev": true
        },
        "pkginfo": {
            "version": "0.4.1",
            "resolved": "https://registry.npmjs.org/pkginfo/-/pkginfo-0.4.1.tgz",
            "integrity": "sha1-tUGO8EOd5UJfxJlQQtztFPsqhP8=",
            "dev": true
        },
        "postcss-value-parser": {
            "version": "3.3.1",
            "resolved": "https://registry.npmjs.org/postcss-value-parser/-/postcss-value-parser-3.3.1.tgz",
            "integrity": "sha512-pISE66AbVkp4fDQ7VHBwRNXzAAKJjw4Vw7nWI/+Q3vuly7SNfgYXvm6i5IgFylHGK5sP/xHAbB7N49OS4gWNyQ==",
            "dev": true
        },
        "prompt": {
            "version": "1.0.0",
            "resolved": "https://registry.npmjs.org/prompt/-/prompt-1.0.0.tgz",
            "integrity": "sha1-jlcSPDlquYiJf7Mn/Trtw+c15P4=",
            "dev": true,
            "requires": {
                "colors": "^1.1.2",
                "pkginfo": "0.x.x",
                "read": "1.0.x",
                "revalidator": "0.1.x",
                "utile": "0.3.x",
                "winston": "2.1.x"
            }
        },
        "read": {
            "version": "1.0.7",
            "resolved": "https://registry.npmjs.org/read/-/read-1.0.7.tgz",
            "integrity": "sha1-s9oZvQUkMal2cdRKQmNK33ELQMQ=",
            "dev": true,
            "requires": {
                "mute-stream": "~0.0.4"
            }
        },
        "reduce-css-calc": {
            "version": "2.1.7",
            "resolved": "https://registry.npmjs.org/reduce-css-calc/-/reduce-css-calc-2.1.7.tgz",
            "integrity": "sha512-fDnlZ+AybAS3C7Q9xDq5y8A2z+lT63zLbynew/lur/IR24OQF5x98tfNwf79mzEdfywZ0a2wpM860FhFfMxZlA==",
            "dev": true,
            "requires": {
                "css-unit-converter": "^1.1.1",
                "postcss-value-parser": "^3.3.0"
            }
        },
        "resolve": {
            "version": "1.11.0",
            "resolved": "https://registry.npmjs.org/resolve/-/resolve-1.11.0.tgz",
            "integrity": "sha512-WL2pBDjqT6pGUNSUzMw00o4T7If+z4H2x3Gz893WoUQ5KW8Vr9txp00ykiP16VBaZF5+j/OcXJHZ9+PCvdiDKw==",
            "dev": true,
            "requires": {
                "path-parse": "^1.0.6"
            }
        },
        "revalidator": {
            "version": "0.1.8",
            "resolved": "https://registry.npmjs.org/revalidator/-/revalidator-0.1.8.tgz",
            "integrity": "sha1-/s5hv6DBtSoga9axgZgYS91SOjs=",
            "dev": true
        },
        "rimraf": {
            "version": "2.6.3",
            "resolved": "https://registry.npmjs.org/rimraf/-/rimraf-2.6.3.tgz",
            "integrity": "sha1-stEE/g2Psnz54KHNqCYt04M8bKs=",
            "dev": true,
            "requires": {
                "glob": "^7.1.3"
            }
        },
        "rxjs": {
            "version": "6.4.0",
            "resolved": "https://registry.npmjs.org/rxjs/-/rxjs-6.4.0.tgz",
            "integrity": "sha512-Z9Yfa11F6B9Sg/BK9MnqnQ+aQYicPLtilXBp2yUtDt2JRCE0h26d33EnfO3ZxoNxG0T92OUucP3Ct7cpfkdFfw==",
            "requires": {
                "tslib": "^1.9.0"
            }
        },
        "semver": {
            "version": "5.7.0",
            "resolved": "https://registry.npmjs.org/semver/-/semver-5.7.0.tgz",
            "integrity": "sha1-eQp89v6lRZuslhELKbYEEtyP+Ws=",
            "dev": true
        },
        "sprintf-js": {
            "version": "1.0.3",
            "resolved": "https://registry.npmjs.org/sprintf-js/-/sprintf-js-1.0.3.tgz",
            "integrity": "sha1-BOaSb2YolTVPPdAVIDYzuFcpfiw=",
            "dev": true
        },
        "stack-trace": {
            "version": "0.0.10",
            "resolved": "https://registry.npmjs.org/stack-trace/-/stack-trace-0.0.10.tgz",
            "integrity": "sha1-VHxws0fo0ytOEI6hoqFZ5f3eGcA=",
            "dev": true
        },
        "supports-color": {
            "version": "5.5.0",
            "resolved": "https://registry.npmjs.org/supports-color/-/supports-color-5.5.0.tgz",
            "integrity": "sha1-4uaaRKyHcveKHsCzW2id9lMO/I8=",
            "dev": true,
            "requires": {
                "has-flag": "^3.0.0"
            }
        },
        "tns-core-modules": {
            "version": "6.2.0",
            "resolved": "https://registry.npmjs.org/tns-core-modules/-/tns-core-modules-6.2.0.tgz",
            "integrity": "sha512-uLBKqGItFTA8XqnUstzZ73lGMB35k3Y7JME122sRN5+uJZuIuW2AIBmuXs2HVBw3Caa1mAlvZ23coaIXKYpcEQ==",
            "dev": true,
            "requires": {
                "@nativescript/core": "6.2.0"
            }
        },
        "tns-core-modules-widgets": {
            "version": "6.2.0",
            "resolved": "https://registry.npmjs.org/tns-core-modules-widgets/-/tns-core-modules-widgets-6.2.0.tgz",
            "integrity": "sha512-p/b2W6ioBsqnn6O1oFJfJC6SxP7yk11Qh7OYb4Bwn/7TTKHxmEhTRyKNe+9CJwTOtZjMsO9nLHyHuUGzZOB0/g==",
            "dev": true
        },
        "tns-platform-declarations": {
            "version": "6.2.0",
            "resolved": "https://registry.npmjs.org/tns-platform-declarations/-/tns-platform-declarations-6.2.0.tgz",
            "integrity": "sha512-9IYYMeVwrREmIdWKOXPwlAj9V2q5hFSJW3EycQhwhcx8ymlu3BbLopdPxmzlz2eaIApkf9brdxH4nhKTOs3LXw==",
            "dev": true
        },
        "tslib": {
            "version": "1.10.0",
            "resolved": "https://registry.npmjs.org/tslib/-/tslib-1.10.0.tgz",
            "integrity": "sha1-w8GflZc/sKYpc/sJ2Q2WHuQ+XIo="
        },
        "tslint": {
            "version": "5.17.0",
            "resolved": "https://registry.npmjs.org/tslint/-/tslint-5.17.0.tgz",
            "integrity": "sha512-pflx87WfVoYepTet3xLfDOLDm9Jqi61UXIKePOuca0qoAZyrGWonDG9VTbji58Fy+8gciUn8Bt7y69+KEVjc/w==",
            "dev": true,
            "requires": {
                "@babel/code-frame": "^7.0.0",
                "builtin-modules": "^1.1.1",
                "chalk": "^2.3.0",
                "commander": "^2.12.1",
                "diff": "^3.2.0",
                "glob": "^7.1.1",
                "js-yaml": "^3.13.1",
                "minimatch": "^3.0.4",
                "mkdirp": "^0.5.1",
                "resolve": "^1.3.2",
                "semver": "^5.3.0",
                "tslib": "^1.8.0",
                "tsutils": "^2.29.0"
            }
        },
        "tsutils": {
            "version": "2.29.0",
            "resolved": "https://registry.npmjs.org/tsutils/-/tsutils-2.29.0.tgz",
            "integrity": "sha1-MrSIUBRnrL7dS4VJhnOggSrKC5k=",
            "dev": true,
            "requires": {
                "tslib": "^1.8.1"
            }
        },
        "typescript": {
            "version": "3.4.5",
            "resolved": "https://registry.npmjs.org/typescript/-/typescript-3.4.5.tgz",
            "integrity": "sha512-YycBxUb49UUhdNMU5aJ7z5Ej2XGmaIBL0x34vZ82fn3hGvD+bgrMrVDpatgz2f7YxUMJxMkbWxJZeAvDxVe7Vw==",
            "dev": true
        },
        "utile": {
            "version": "0.3.0",
            "resolved": "https://registry.npmjs.org/utile/-/utile-0.3.0.tgz",
            "integrity": "sha1-E1LDQOuCDk2N26A5pPv6oy7U7zo=",
            "dev": true,
            "requires": {
                "async": "~0.9.0",
                "deep-equal": "~0.2.1",
                "i": "0.3.x",
                "mkdirp": "0.x.x",
                "ncp": "1.0.x",
                "rimraf": "2.x.x"
            }
        },
        "winston": {
            "version": "2.1.1",
            "resolved": "https://registry.npmjs.org/winston/-/winston-2.1.1.tgz",
            "integrity": "sha1-PJNJ0ZYgf9G9/51LxD73JRDjoS4=",
            "dev": true,
            "requires": {
                "async": "~1.0.0",
                "colors": "1.0.x",
                "cycle": "1.0.x",
                "eyes": "0.1.x",
                "isstream": "0.1.x",
                "pkginfo": "0.3.x",
                "stack-trace": "0.0.x"
            },
            "dependencies": {
                "async": {
                    "version": "1.0.0",
                    "resolved": "https://registry.npmjs.org/async/-/async-1.0.0.tgz",
                    "integrity": "sha1-+PwEyjoTeErenhZBr5hXjPvWR6k=",
                    "dev": true
                },
                "colors": {
                    "version": "1.0.3",
                    "resolved": "https://registry.npmjs.org/colors/-/colors-1.0.3.tgz",
                    "integrity": "sha1-BDP0TYCWgP3rYO0mDxsMJi6CpAs=",
                    "dev": true
                },
                "pkginfo": {
                    "version": "0.3.1",
                    "resolved": "https://registry.npmjs.org/pkginfo/-/pkginfo-0.3.1.tgz",
                    "integrity": "sha1-Wyn2qB9wcXFC4J52W76rl7T4HiE=",
                    "dev": true
                }
            }
        },
        "wrappy": {
            "version": "1.0.2",
            "resolved": "https://registry.npmjs.org/wrappy/-/wrappy-1.0.2.tgz",
            "integrity": "sha1-tSQ9jz7BqjXxNkYFvA0QNuMKtp8=",
            "dev": true
        }
    }
}
